
Microsoft Visual Studio Solution File, Format Version 12.00
# Visual Studio 15
VisualStudioVersion = 15.0.28307.1231
MinimumVisualStudioVersion = 10.0.40219.1
Project("{FAE04EC0-301F-11D3-BF4B-00C04F79EFBC}") = "ConsoleUI", "DIPDemo\ConsoleUI.csproj", "{47B9E682-F135-405E-8DE8-5CB0D495E46A}"
EndProject
Project("{FAE04EC0-301F-11D3-BF4B-00C04F79EFBC}") = "DemoLibrary", "DemoLibrary\DemoLibrary.csproj", "{ED4C6E16-E4B3-4619-8F18-CFB433061594}"
EndProject
Global
	GlobalSection(SolutionConfigurationPlatforms) = preSolution
		Debug|Any CPU = Debug|Any CPU
		Release|Any CPU = Release|Any CPU
	EndGlobalSection
	GlobalSection(ProjectConfigurationPlatforms) = postSolution
		{47B9E682-F135-405E-8DE8-5CB0D495E46A}.Debug|Any CPU.ActiveCfg = Debug|Any CPU
		{47B9E682-F135-405E-8DE8-5CB0D495E46A}.Debug|Any CPU.Build.0 = Debug|Any CPU
		{47B9E682-F135-405E-8DE8-5CB0D495E46A}.Release|Any CPU.ActiveCfg = Release|Any CPU
		{47B9E682-F135-405E-8DE8-5CB0D495E46A}.Release|Any CPU.Build.0 = Release|Any CPU
		{ED4C6E16-E4B3-4619-8F18-CFB433061594}.Debug|Any CPU.ActiveCfg = Debug|Any CPU
		{ED4C6E16-E4B3-4619-8F18-CFB433061594}.Debug|Any CPU.Build.0 = Debug|Any CPU
		{ED4C6E16-E4B3-4619-8F18-CFB433061594}.Release|Any CPU.ActiveCfg = Release|Any CPU
		{ED4C6E16-E4B3-4619-8F18-CFB433061594}.Release|Any CPU.Build.0 = Release|Any CPU
	EndGlobalSection
	GlobalSection(SolutionProperties) = preSolution
		HideSolutionNode = FALSE
	EndGlobalSection
	GlobalSection(ExtensibilityGlobals) = postSolution
		SolutionGuid = {8D84B6AF-9F7F-4304-847A-25667C436A1A}
	EndGlobalSection
EndGlobal
